{
  "object": {
    "pins": [
      {
        "package": "Realm",
        "repositoryURL": "https://github.com/realm/realm-cocoa",
        "state": {
          "branch": null,
          "revision": "54eebd2b5e7a4a8055a7a8b55ac859a48462d722",
          "version": "10.54.5"
        }
      },
      {
        "package": "RealmDatabase",
        "repositoryURL": "https://github.com/realm/realm-core.git",
        "state": {
          "branch": null,
          "revision": "cccb3ca9e26ec452a29f2f0d4050d1e38b8a3d43",
          "version": "14.14.0"
        }
      }
    ]
  },
  "version": 1
}
