PODS:
  - Realm (20.0.3):
    - Realm/Headers (= 20.0.3)
  - Realm/Headers (20.0.3)
  - RealmSwift (20.0.3):
    - Realm (= 20.0.3)
  - SmartCodable (5.1.2):
    - SmartCodable/Core (= 5.1.2)
  - SmartCodable/Core (5.1.2)
  - SyncKit/Core (1.3.3)
  - SyncKit/RealmSwift (1.3.3):
    - Realm
    - RealmSwift (~> 20.0.0)
    - SyncKit/Core

DEPENDENCIES:
  - RealmSwift
  - SmartCodable
  - SyncKit/RealmSwift (from `../../`)

SPEC REPOS:
  trunk:
    - Realm
    - RealmSwift
    - SmartCodable

EXTERNAL SOURCES:
  SyncKit:
    :path: "../../"

SPEC CHECKSUMS:
  Realm: 853e5089d6042dff807bda000277eadfe2da93d2
  RealmSwift: f33c19577cefcbf681345d721fcbc7b42be4c949
  SmartCodable: 545dd052990fe7e80085463b79a1a5e462ee29ff
  SyncKit: 7bfdbdad3b96fb411ad59c1c7ee5ac2b18183430

PODFILE CHECKSUM: 9cbfd9019a5dd67ed211b5d8c7fbfb2bd11b959f

COCOAPODS: 1.15.2
